// !$*UTF8*$!
{
	archiveVersion = 1;
	classes = {
	};
	objectVersion = 56;
	objects = {

/* Begin PBXBuildFile section */
		678786732B7F70480008211B /* FlashingCardsApp.swift in Sources */ = {isa = PBXBuildFile; fileRef = 678786722B7F70480008211B /* FlashingCardsApp.swift */; };
		678786752B7F70480008211B /* ContentView.swift in Sources */ = {isa = PBXBuildFile; fileRef = 678786742B7F70480008211B /* ContentView.swift */; };
		678786772B7F70480008211B /* Item.swift in Sources */ = {isa = PBXBuildFile; fileRef = 678786762B7F70480008211B /* Item.swift */; };
		678786792B7F70490008211B /* Assets.xcassets in Resources */ = {isa = PBXBuildFile; fileRef = 678786782B7F70490008211B /* Assets.xcassets */; };
		6787867C2B7F70490008211B /* Preview Assets.xcassets in Resources */ = {isa = PBXBuildFile; fileRef = 6787867B2B7F70490008211B /* Preview Assets.xcassets */; };
		678786862B7F70490008211B /* FlashingCardsTests.swift in Sources */ = {isa = PBXBuildFile; fileRef = 678786852B7F70490008211B /* FlashingCardsTests.swift */; };
		678786902B7F70490008211B /* FlashingCardsUITests.swift in Sources */ = {isa = PBXBuildFile; fileRef = 6787868F2B7F70490008211B /* FlashingCardsUITests.swift */; };
		678786922B7F70490008211B /* FlashingCardsUITestsLaunchTests.swift in Sources */ = {isa = PBXBuildFile; fileRef = 678786912B7F70490008211B /* FlashingCardsUITestsLaunchTests.swift */; };
/* End PBXBuildFile section */

/* Begin PBXContainerItemProxy section */
		678786822B7F70490008211B /* PBXContainerItemProxy */ = {
			isa = PBXContainerItemProxy;
			containerPortal = 678786672B7F70480008211B /* Project object */;
			proxyType = 1;
			remoteGlobalIDString = 6787866E2B7F70480008211B;
			remoteInfo = FlashingCards;
		};
		6787868C2B7F70490008211B /* PBXContainerItemProxy */ = {
			isa = PBXContainerItemProxy;
			containerPortal = 678786672B7F70480008211B /* Project object */;
			proxyType = 1;
			remoteGlobalIDString = 6787866E2B7F70480008211B;
			remoteInfo = FlashingCards;
		};
/* End PBXContainerItemProxy section */

/* Begin PBXFileReference section */
		6787866F2B7F70480008211B /* FlashingCards.app */ = {isa = PBXFileReference; explicitFileType = wrapper.application; includeInIndex = 0; path = FlashingCards.app; sourceTree = BUILT_PRODUCTS_DIR; };
		678786722B7F70480008211B /* FlashingCardsApp.swift */ = {isa = PBXFileReference; lastKnownFileType = sourcecode.swift; path = FlashingCardsApp.swift; sourceTree = "<group>"; };
		678786742B7F70480008211B /* ContentView.swift */ = {isa = PBXFileReference; lastKnownFileType = sourcecode.swift; path = ContentView.swift; sourceTree = "<group>"; };
		678786762B7F70480008211B /* Item.swift */ = {isa = PBXFileReference; lastKnownFileType = sourcecode.swift; path = Item.swift; sourceTree = "<group>"; };
		678786782B7F70490008211B /* Assets.xcassets */ = {isa = PBXFileReference; lastKnownFileType = folder.assetcatalog; path = Assets.xcassets; sourceTree = "<group>"; };
		6787867B2B7F70490008211B /* Preview Assets.xcassets */ = {isa = PBXFileReference; lastKnownFileType = folder.assetcatalog; path = "Preview Assets.xcassets"; sourceTree = "<group>"; };
		678786812B7F70490008211B /* FlashingCardsTests.xctest */ = {isa = PBXFileReference; explicitFileType = wrapper.cfbundle; includeInIndex = 0; path = FlashingCardsTests.xctest; sourceTree = BUILT_PRODUCTS_DIR; };
		678786852B7F70490008211B /* FlashingCardsTests.swift */ = {isa = PBXFileReference; lastKnownFileType = sourcecode.swift; path = FlashingCardsTests.swift; sourceTree = "<group>"; };
		6787868B2B7F70490008211B /* FlashingCardsUITests.xctest */ = {isa = PBXFileReference; explicitFileType = wrapper.cfbundle; includeInIndex = 0; path = FlashingCardsUITests.xctest; sourceTree = BUILT_PRODUCTS_DIR; };
		6787868F2B7F70490008211B /* FlashingCardsUITests.swift */ = {isa = PBXFileReference; lastKnownFileType = sourcecode.swift; path = FlashingCardsUITests.swift; sourceTree = "<group>"; };
		678786912B7F70490008211B /* FlashingCardsUITestsLaunchTests.swift */ = {isa = PBXFileReference; lastKnownFileType = sourcecode.swift; path = FlashingCardsUITestsLaunchTests.swift; sourceTree = "<group>"; };
/* End PBXFileReference section */

/* Begin PBXFrameworksBuildPhase section */
		6787866C2B7F70480008211B /* Frameworks */ = {
			isa = PBXFrameworksBuildPhase;
			buildActionMask = 2147483647;
			files = (
			);
			runOnlyForDeploymentPostprocessing = 0;
		};
		6787867E2B7F70490008211B /* Frameworks */ = {
			isa = PBXFrameworksBuildPhase;
			buildActionMask = 2147483647;
			files = (
			);
			runOnlyForDeploymentPostprocessing = 0;
		};
		678786882B7F70490008211B /* Frameworks */ = {
			isa = PBXFrameworksBuildPhase;
			buildActionMask = 2147483647;
			files = (
			);
			runOnlyForDeploymentPostprocessing = 0;
		};
/* End PBXFrameworksBuildPhase section */

/* Begin PBXGroup section */
		678786662B7F70480008211B = {
			isa = PBXGroup;
			children = (
				678786712B7F70480008211B /* FlashingCards */,
				678786842B7F70490008211B /* FlashingCardsTests */,
				6787868E2B7F70490008211B /* FlashingCardsUITests */,
				678786702B7F70480008211B /* Products */,
			);
			sourceTree = "<group>";
		};
		678786702B7F70480008211B /* Products */ = {
			isa = PBXGroup;
			children = (
				6787866F2B7F70480008211B /* FlashingCards.app */,
				678786812B7F70490008211B /* FlashingCardsTests.xctest */,
				6787868B2B7F70490008211B /* FlashingCardsUITests.xctest */,
			);
			name = Products;
			sourceTree = "<group>";
		};
		678786712B7F70480008211B /* FlashingCards */ = {
			isa = PBXGroup;
			children = (
				678786722B7F70480008211B /* FlashingCardsApp.swift */,
				678786742B7F70480008211B /* ContentView.swift */,
				678786762B7F70480008211B /* Item.swift */,
				678786782B7F70490008211B /* Assets.xcassets */,
				6787867A2B7F70490008211B /* Preview Content */,
			);
			path = FlashingCards;
			sourceTree = "<group>";
		};
		6787867A2B7F70490008211B /* Preview Content */ = {
			isa = PBXGroup;
			children = (
				6787867B2B7F70490008211B /* Preview Assets.xcassets */,
			);
			path = "Preview Content";
			sourceTree = "<group>";
		};
		678786842B7F70490008211B /* FlashingCardsTests */ = {
			isa = PBXGroup;
			children = (
				678786852B7F70490008211B /* FlashingCardsTests.swift */,
			);
			path = FlashingCardsTests;
			sourceTree = "<group>";
		};
		6787868E2B7F70490008211B /* FlashingCardsUITests */ = {
			isa = PBXGroup;
			children = (
				6787868F2B7F70490008211B /* FlashingCardsUITests.swift */,
				678786912B7F70490008211B /* FlashingCardsUITestsLaunchTests.swift */,
			);
			path = FlashingCardsUITests;
			sourceTree = "<group>";
		};
/* End PBXGroup section */

/* Begin PBXNativeTarget section */
		6787866E2B7F70480008211B /* FlashingCards */ = {
			isa = PBXNativeTarget;
			buildConfigurationList = 678786952B7F70490008211B /* Build configuration list for PBXNativeTarget "FlashingCards" */;
			buildPhases = (
				6787866B2B7F70480008211B /* Sources */,
				6787866C2B7F70480008211B /* Frameworks */,
				6787866D2B7F70480008211B /* Resources */,
			);
			buildRules = (
			);
			dependencies = (
			);
			name = FlashingCards;
			productName = FlashingCards;
			productReference = 6787866F2B7F70480008211B /* FlashingCards.app */;
			productType = "com.apple.product-type.application";
		};
		678786802B7F70490008211B /* FlashingCardsTests */ = {
			isa = PBXNativeTarget;
			buildConfigurationList = 678786982B7F70490008211B /* Build configuration list for PBXNativeTarget "FlashingCardsTests" */;
			buildPhases = (
				6787867D2B7F70490008211B /* Sources */,
				6787867E2B7F70490008211B /* Frameworks */,
				6787867F2B7F70490008211B /* Resources */,
			);
			buildRules = (
			);
			dependencies = (
				678786832B7F70490008211B /* PBXTargetDependency */,
			);
			name = FlashingCardsTests;
			productName = FlashingCardsTests;
			productReference = 678786812B7F70490008211B /* FlashingCardsTests.xctest */;
			productType = "com.apple.product-type.bundle.unit-test";
		};
		6787868A2B7F70490008211B /* FlashingCardsUITests */ = {
			isa = PBXNativeTarget;
			buildConfigurationList = 6787869B2B7F70490008211B /* Build configuration list for PBXNativeTarget "FlashingCardsUITests" */;
			buildPhases = (
				678786872B7F70490008211B /* Sources */,
				678786882B7F70490008211B /* Frameworks */,
				678786892B7F70490008211B /* Resources */,
			);
			buildRules = (
			);
			dependencies = (
				6787868D2B7F70490008211B /* PBXTargetDependency */,
			);
			name = FlashingCardsUITests;
			productName = FlashingCardsUITests;
			productReference = 6787868B2B7F70490008211B /* FlashingCardsUITests.xctest */;
			productType = "com.apple.product-type.bundle.ui-testing";
		};
/* End PBXNativeTarget section */

/* Begin PBXProject section */
		678786672B7F70480008211B /* Project object */ = {
			isa = PBXProject;
			attributes = {
				BuildIndependentTargetsInParallel = 1;
				LastSwiftUpdateCheck = 1520;
				LastUpgradeCheck = 1520;
				TargetAttributes = {
					6787866E2B7F70480008211B = {
						CreatedOnToolsVersion = 15.2;
					};
					678786802B7F70490008211B = {
						CreatedOnToolsVersion = 15.2;
						TestTargetID = 6787866E2B7F70480008211B;
					};
					6787868A2B7F70490008211B = {
						CreatedOnToolsVersion = 15.2;
						TestTargetID = 6787866E2B7F70480008211B;
					};
				};
			};
			buildConfigurationList = 6787866A2B7F70480008211B /* Build configuration list for PBXProject "FlashingCards" */;
			compatibilityVersion = "Xcode 14.0";
			developmentRegion = en;
			hasScannedForEncodings = 0;
			knownRegions = (
				en,
				Base,
			);
			mainGroup = 678786662B7F70480008211B;
			productRefGroup = 678786702B7F70480008211B /* Products */;
			projectDirPath = "";
			projectRoot = "";
			targets = (
				6787866E2B7F70480008211B /* FlashingCards */,
				678786802B7F70490008211B /* FlashingCardsTests */,
				6787868A2B7F70490008211B /* FlashingCardsUITests */,
			);
		};
/* End PBXProject section */

/* Begin PBXResourcesBuildPhase section */
		6787866D2B7F70480008211B /* Resources */ = {
			isa = PBXResourcesBuildPhase;
			buildActionMask = 2147483647;
			files = (
				6787867C2B7F70490008211B /* Preview Assets.xcassets in Resources */,
				678786792B7F70490008211B /* Assets.xcassets in Resources */,
			);
			runOnlyForDeploymentPostprocessing = 0;
		};
		6787867F2B7F70490008211B /* Resources */ = {
			isa = PBXResourcesBuildPhase;
			buildActionMask = 2147483647;
			files = (
			);
			runOnlyForDeploymentPostprocessing = 0;
		};
		678786892B7F70490008211B /* Resources */ = {
			isa = PBXResourcesBuildPhase;
			buildActionMask = 2147483647;
			files = (
			);
			runOnlyForDeploymentPostprocessing = 0;
		};
/* End PBXResourcesBuildPhase section */

/* Begin PBXSourcesBuildPhase section */
		6787866B2B7F70480008211B /* Sources */ = {
			isa = PBXSourcesBuildPhase;
			buildActionMask = 2147483647;
			files = (
				678786752B7F70480008211B /* ContentView.swift in Sources */,
				678786772B7F70480008211B /* Item.swift in Sources */,
				678786732B7F70480008211B /* FlashingCardsApp.swift in Sources */,
			);
			runOnlyForDeploymentPostprocessing = 0;
		};
		6787867D2B7F70490008211B /* Sources */ = {
			isa = PBXSourcesBuildPhase;
			buildActionMask = 2147483647;
			files = (
				678786862B7F70490008211B /* FlashingCardsTests.swift in Sources */,
			);
			runOnlyForDeploymentPostprocessing = 0;
		};
		678786872B7F70490008211B /* Sources */ = {
			isa = PBXSourcesBuildPhase;
			buildActionMask = 2147483647;
			files = (
				678786922B7F70490008211B /* FlashingCardsUITestsLaunchTests.swift in Sources */,
				678786902B7F70490008211B /* FlashingCardsUITests.swift in Sources */,
			);
			runOnlyForDeploymentPostprocessing = 0;
		};
/* End PBXSourcesBuildPhase section */

/* Begin PBXTargetDependency section */
		678786832B7F70490008211B /* PBXTargetDependency */ = {
			isa = PBXTargetDependency;
			target = 6787866E2B7F70480008211B /* FlashingCards */;
			targetProxy = 678786822B7F70490008211B /* PBXContainerItemProxy */;
		};
		6787868D2B7F70490008211B /* PBXTargetDependency */ = {
			isa = PBXTargetDependency;
			target = 6787866E2B7F70480008211B /* FlashingCards */;
			targetProxy = 6787868C2B7F70490008211B /* PBXContainerItemProxy */;
		};
/* End PBXTargetDependency section */

/* Begin XCBuildConfiguration section */
		678786932B7F70490008211B /* Debug */ = {
			isa = XCBuildConfiguration;
			buildSettings = {
				ALWAYS_SEARCH_USER_PATHS = NO;
				ASSETCATALOG_COMPILER_GENERATE_SWIFT_ASSET_SYMBOL_EXTENSIONS = YES;
				CLANG_ANALYZER_NONNULL = YES;
				CLANG_ANALYZER_NUMBER_OBJECT_CONVERSION = YES_AGGRESSIVE;
				CLANG_CXX_LANGUAGE_STANDARD = "gnu++20";
				CLANG_ENABLE_MODULES = YES;
				CLANG_ENABLE_OBJC_ARC = YES;
				CLANG_ENABLE_OBJC_WEAK = YES;
				CLANG_WARN_BLOCK_CAPTURE_AUTORELEASING = YES;
				CLANG_WARN_BOOL_CONVERSION = YES;
				CLANG_WARN_COMMA = YES;
				CLANG_WARN_CONSTANT_CONVERSION = YES;
				CLANG_WARN_DEPRECATED_OBJC_IMPLEMENTATIONS = YES;
				CLANG_WARN_DIRECT_OBJC_ISA_USAGE = YES_ERROR;
				CLANG_WARN_DOCUMENTATION_COMMENTS = YES;
				CLANG_WARN_EMPTY_BODY = YES;
				CLANG_WARN_ENUM_CONVERSION = YES;
				CLANG_WARN_INFINITE_RECURSION = YES;
				CLANG_WARN_INT_CONVERSION = YES;
				CLANG_WARN_NON_LITERAL_NULL_CONVERSION = YES;
				CLANG_WARN_OBJC_IMPLICIT_RETAIN_SELF = YES;
				CLANG_WARN_OBJC_LITERAL_CONVERSION = YES;
				CLANG_WARN_OBJC_ROOT_CLASS = YES_ERROR;
				CLANG_WARN_QUOTED_INCLUDE_IN_FRAMEWORK_HEADER = YES;
				CLANG_WARN_RANGE_LOOP_ANALYSIS = YES;
				CLANG_WARN_STRICT_PROTOTYPES = YES;
				CLANG_WARN_SUSPICIOUS_MOVE = YES;
				CLANG_WARN_UNGUARDED_AVAILABILITY = YES_AGGRESSIVE;
				CLANG_WARN_UNREACHABLE_CODE = YES;
				CLANG_WARN__DUPLICATE_METHOD_MATCH = YES;
				COPY_PHASE_STRIP = NO;
				DEBUG_INFORMATION_FORMAT = dwarf;
				ENABLE_STRICT_OBJC_MSGSEND = YES;
				ENABLE_TESTABILITY = YES;
				ENABLE_USER_SCRIPT_SANDBOXING = YES;
				GCC_C_LANGUAGE_STANDARD = gnu17;
				GCC_DYNAMIC_NO_PIC = NO;
				GCC_NO_COMMON_BLOCKS = YES;
				GCC_OPTIMIZATION_LEVEL = 0;
				GCC_PREPROCESSOR_DEFINITIONS = (
					"DEBUG=1",
					"$(inherited)",
				);
				GCC_WARN_64_TO_32_BIT_CONVERSION = YES;
				GCC_WARN_ABOUT_RETURN_TYPE = YES_ERROR;
				GCC_WARN_UNDECLARED_SELECTOR = YES;
				GCC_WARN_UNINITIALIZED_AUTOS = YES_AGGRESSIVE;
				GCC_WARN_UNUSED_FUNCTION = YES;
				GCC_WARN_UNUSED_VARIABLE = YES;
				IPHONEOS_DEPLOYMENT_TARGET = 17.2;
				LOCALIZATION_PREFERS_STRING_CATALOGS = YES;
				MTL_ENABLE_DEBUG_INFO = INCLUDE_SOURCE;
				MTL_FAST_MATH = YES;
				ONLY_ACTIVE_ARCH = YES;
				SDKROOT = iphoneos;
				SWIFT_ACTIVE_COMPILATION_CONDITIONS = "DEBUG $(inherited)";
				SWIFT_OPTIMIZATION_LEVEL = "-Onone";
			};
			name = Debug;
		};
		678786942B7F70490008211B /* Release */ = {
			isa = XCBuildConfiguration;
			buildSettings = {
				ALWAYS_SEARCH_USER_PATHS = NO;
				ASSETCATALOG_COMPILER_GENERATE_SWIFT_ASSET_SYMBOL_EXTENSIONS = YES;
				CLANG_ANALYZER_NONNULL = YES;
				CLANG_ANALYZER_NUMBER_OBJECT_CONVERSION = YES_AGGRESSIVE;
				CLANG_CXX_LANGUAGE_STANDARD = "gnu++20";
				CLANG_ENABLE_MODULES = YES;
				CLANG_ENABLE_OBJC_ARC = YES;
				CLANG_ENABLE_OBJC_WEAK = YES;
				CLANG_WARN_BLOCK_CAPTURE_AUTORELEASING = YES;
				CLANG_WARN_BOOL_CONVERSION = YES;
				CLANG_WARN_COMMA = YES;
				CLANG_WARN_CONSTANT_CONVERSION = YES;
				CLANG_WARN_DEPRECATED_OBJC_IMPLEMENTATIONS = YES;
				CLANG_WARN_DIRECT_OBJC_ISA_USAGE = YES_ERROR;
				CLANG_WARN_DOCUMENTATION_COMMENTS = YES;
				CLANG_WARN_EMPTY_BODY = YES;
				CLANG_WARN_ENUM_CONVERSION = YES;
				CLANG_WARN_INFINITE_RECURSION = YES;
				CLANG_WARN_INT_CONVERSION = YES;
				CLANG_WARN_NON_LITERAL_NULL_CONVERSION = YES;
				CLANG_WARN_OBJC_IMPLICIT_RETAIN_SELF = YES;
				CLANG_WARN_OBJC_LITERAL_CONVERSION = YES;
				CLANG_WARN_OBJC_ROOT_CLASS = YES_ERROR;
				CLANG_WARN_QUOTED_INCLUDE_IN_FRAMEWORK_HEADER = YES;
				CLANG_WARN_RANGE_LOOP_ANALYSIS = YES;
				CLANG_WARN_STRICT_PROTOTYPES = YES;
				CLANG_WARN_SUSPICIOUS_MOVE = YES;
				CLANG_WARN_UNGUARDED_AVAILABILITY = YES_AGGRESSIVE;
				CLANG_WARN_UNREACHABLE_CODE = YES;
				CLANG_WARN__DUPLICATE_METHOD_MATCH = YES;
				COPY_PHASE_STRIP = NO;
				DEBUG_INFORMATION_FORMAT = "dwarf-with-dsym";
				ENABLE_NS_ASSERTIONS = NO;
				ENABLE_STRICT_OBJC_MSGSEND = YES;
				ENABLE_USER_SCRIPT_SANDBOXING = YES;
				GCC_C_LANGUAGE_STANDARD = gnu17;
				GCC_NO_COMMON_BLOCKS = YES;
				GCC_WARN_64_TO_32_BIT_CONVERSION = YES;
				GCC_WARN_ABOUT_RETURN_TYPE = YES_ERROR;
				GCC_WARN_UNDECLARED_SELECTOR = YES;
				GCC_WARN_UNINITIALIZED_AUTOS = YES_AGGRESSIVE;
				GCC_WARN_UNUSED_FUNCTION = YES;
				GCC_WARN_UNUSED_VARIABLE = YES;
				IPHONEOS_DEPLOYMENT_TARGET = 17.2;
				LOCALIZATION_PREFERS_STRING_CATALOGS = YES;
				MTL_ENABLE_DEBUG_INFO = NO;
				MTL_FAST_MATH = YES;
				SDKROOT = iphoneos;
				SWIFT_COMPILATION_MODE = wholemodule;
				VALIDATE_PRODUCT = YES;
			};
			name = Release;
		};
		678786962B7F70490008211B /* Debug */ = {
			isa = XCBuildConfiguration;
			buildSettings = {
				ASSETCATALOG_COMPILER_APPICON_NAME = AppIcon;
				ASSETCATALOG_COMPILER_GLOBAL_ACCENT_COLOR_NAME = AccentColor;
				CODE_SIGN_STYLE = Automatic;
				CURRENT_PROJECT_VERSION = 1;
				DEVELOPMENT_ASSET_PATHS = "\"FlashingCards/Preview Content\"";
				ENABLE_PREVIEWS = YES;
				GENERATE_INFOPLIST_FILE = YES;
				INFOPLIST_KEY_UIApplicationSceneManifest_Generation = YES;
				INFOPLIST_KEY_UIApplicationSupportsIndirectInputEvents = YES;
				INFOPLIST_KEY_UILaunchScreen_Generation = YES;
				INFOPLIST_KEY_UISupportedInterfaceOrientations_iPad = "UIInterfaceOrientationPortrait UIInterfaceOrientationPortraitUpsideDown UIInterfaceOrientationLandscapeLeft UIInterfaceOrientationLandscapeRight";
				INFOPLIST_KEY_UISupportedInterfaceOrientations_iPhone = "UIInterfaceOrientationPortrait UIInterfaceOrientationLandscapeLeft UIInterfaceOrientationLandscapeRight";
				LD_RUNPATH_SEARCH_PATHS = (
					"$(inherited)",
					"@executable_path/Frameworks",
				);
				MARKETING_VERSION = 1.0;
				PRODUCT_BUNDLE_IDENTIFIER = com.danilojakob.FlashingCards;
				PRODUCT_NAME = "$(TARGET_NAME)";
				SWIFT_EMIT_LOC_STRINGS = YES;
				SWIFT_VERSION = 5.0;
				TARGETED_DEVICE_FAMILY = "1,2";
			};
			name = Debug;
		};
		678786972B7F70490008211B /* Release */ = {
			isa = XCBuildConfiguration;
			buildSettings = {
				ASSETCATALOG_COMPILER_APPICON_NAME = AppIcon;
				ASSETCATALOG_COMPILER_GLOBAL_ACCENT_COLOR_NAME = AccentColor;
				CODE_SIGN_STYLE = Automatic;
				CURRENT_PROJECT_VERSION = 1;
				DEVELOPMENT_ASSET_PATHS = "\"FlashingCards/Preview Content\"";
				ENABLE_PREVIEWS = YES;
				GENERATE_INFOPLIST_FILE = YES;
				INFOPLIST_KEY_UIApplicationSceneManifest_Generation = YES;
				INFOPLIST_KEY_UIApplicationSupportsIndirectInputEvents = YES;
				INFOPLIST_KEY_UILaunchScreen_Generation = YES;
				INFOPLIST_KEY_UISupportedInterfaceOrientations_iPad = "UIInterfaceOrientationPortrait UIInterfaceOrientationPortraitUpsideDown UIInterfaceOrientationLandscapeLeft UIInterfaceOrientationLandscapeRight";
				INFOPLIST_KEY_UISupportedInterfaceOrientations_iPhone = "UIInterfaceOrientationPortrait UIInterfaceOrientationLandscapeLeft UIInterfaceOrientationLandscapeRight";
				LD_RUNPATH_SEARCH_PATHS = (
					"$(inherited)",
					"@executable_path/Frameworks",
				);
				MARKETING_VERSION = 1.0;
				PRODUCT_BUNDLE_IDENTIFIER = com.danilojakob.FlashingCards;
				PRODUCT_NAME = "$(TARGET_NAME)";
				SWIFT_EMIT_LOC_STRINGS = YES;
				SWIFT_VERSION = 5.0;
				TARGETED_DEVICE_FAMILY = "1,2";
			};
			name = Release;
		};
		678786992B7F70490008211B /* Debug */ = {
			isa = XCBuildConfiguration;
			buildSettings = {
				ALWAYS_EMBED_SWIFT_STANDARD_LIBRARIES = YES;
				BUNDLE_LOADER = "$(TEST_HOST)";
				CODE_SIGN_STYLE = Automatic;
				CURRENT_PROJECT_VERSION = 1;
				GENERATE_INFOPLIST_FILE = YES;
				IPHONEOS_DEPLOYMENT_TARGET = 17.2;
				MARKETING_VERSION = 1.0;
				PRODUCT_BUNDLE_IDENTIFIER = com.danilojakob.FlashingCardsTests;
				PRODUCT_NAME = "$(TARGET_NAME)";
				SWIFT_EMIT_LOC_STRINGS = NO;
				SWIFT_VERSION = 5.0;
				TARGETED_DEVICE_FAMILY = "1,2";
				TEST_HOST = "$(BUILT_PRODUCTS_DIR)/FlashingCards.app/$(BUNDLE_EXECUTABLE_FOLDER_PATH)/FlashingCards";
			};
			name = Debug;
		};
		6787869A2B7F70490008211B /* Release */ = {
			isa = XCBuildConfiguration;
			buildSettings = {
				ALWAYS_EMBED_SWIFT_STANDARD_LIBRARIES = YES;
				BUNDLE_LOADER = "$(TEST_HOST)";
				CODE_SIGN_STYLE = Automatic;
				CURRENT_PROJECT_VERSION = 1;
				GENERATE_INFOPLIST_FILE = YES;
				IPHONEOS_DEPLOYMENT_TARGET = 17.2;
				MARKETING_VERSION = 1.0;
				PRODUCT_BUNDLE_IDENTIFIER = com.danilojakob.FlashingCardsTests;
				PRODUCT_NAME = "$(TARGET_NAME)";
				SWIFT_EMIT_LOC_STRINGS = NO;
				SWIFT_VERSION = 5.0;
				TARGETED_DEVICE_FAMILY = "1,2";
				TEST_HOST = "$(BUILT_PRODUCTS_DIR)/FlashingCards.app/$(BUNDLE_EXECUTABLE_FOLDER_PATH)/FlashingCards";
			};
			name = Release;
		};
		6787869C2B7F70490008211B /* Debug */ = {
			isa = XCBuildConfiguration;
			buildSettings = {
				ALWAYS_EMBED_SWIFT_STANDARD_LIBRARIES = YES;
				CODE_SIGN_STYLE = Automatic;
				CURRENT_PROJECT_VERSION = 1;
				GENERATE_INFOPLIST_FILE = YES;
				MARKETING_VERSION = 1.0;
				PRODUCT_BUNDLE_IDENTIFIER = com.danilojakob.FlashingCardsUITests;
				PRODUCT_NAME = "$(TARGET_NAME)";
				SWIFT_EMIT_LOC_STRINGS = NO;
				SWIFT_VERSION = 5.0;
				TARGETED_DEVICE_FAMILY = "1,2";
				TEST_TARGET_NAME = FlashingCards;
			};
			name = Debug;
		};
		6787869D2B7F70490008211B /* Release */ = {
			isa = XCBuildConfiguration;
			buildSettings = {
				ALWAYS_EMBED_SWIFT_STANDARD_LIBRARIES = YES;
				CODE_SIGN_STYLE = Automatic;
				CURRENT_PROJECT_VERSION = 1;
				GENERATE_INFOPLIST_FILE = YES;
				MARKETING_VERSION = 1.0;
				PRODUCT_BUNDLE_IDENTIFIER = com.danilojakob.FlashingCardsUITests;
				PRODUCT_NAME = "$(TARGET_NAME)";
				SWIFT_EMIT_LOC_STRINGS = NO;
				SWIFT_VERSION = 5.0;
				TARGETED_DEVICE_FAMILY = "1,2";
				TEST_TARGET_NAME = FlashingCards;
			};
			name = Release;
		};
/* End XCBuildConfiguration section */

/* Begin XCConfigurationList section */
		6787866A2B7F70480008211B /* Build configuration list for PBXProject "FlashingCards" */ = {
			isa = XCConfigurationList;
			buildConfigurations = (
				678786932B7F70490008211B /* Debug */,
				678786942B7F70490008211B /* Release */,
			);
			defaultConfigurationIsVisible = 0;
			defaultConfigurationName = Release;
		};
		678786952B7F70490008211B /* Build configuration list for PBXNativeTarget "FlashingCards" */ = {
			isa = XCConfigurationList;
			buildConfigurations = (
				678786962B7F70490008211B /* Debug */,
				678786972B7F70490008211B /* Release */,
			);
			defaultConfigurationIsVisible = 0;
			defaultConfigurationName = Release;
		};
		678786982B7F70490008211B /* Build configuration list for PBXNativeTarget "FlashingCardsTests" */ = {
			isa = XCConfigurationList;
			buildConfigurations = (
				678786992B7F70490008211B /* Debug */,
				6787869A2B7F70490008211B /* Release */,
			);
			defaultConfigurationIsVisible = 0;
			defaultConfigurationName = Release;
		};
		6787869B2B7F70490008211B /* Build configuration list for PBXNativeTarget "FlashingCardsUITests" */ = {
			isa = XCConfigurationList;
			buildConfigurations = (
				6787869C2B7F70490008211B /* Debug */,
				6787869D2B7F70490008211B /* Release */,
			);
			defaultConfigurationIsVisible = 0;
			defaultConfigurationName = Release;
		};
/* End XCConfigurationList section */
	};
	rootObject = 678786672B7F70480008211B /* Project object */;
}
